
Microsoft Visual Studio Solution File, Format Version 12.00
# Visual Studio Version 17
VisualStudioVersion = 17.13.35825.156 d17.13
MinimumVisualStudioVersion = 10.0.40219.1
Project("{FAE04EC0-301F-11D3-BF4B-00C04F79EFBC}") = "factorial", "factorial.csproj", "{95210BE7-8E7F-4B1A-810F-A9C30C73FE76}"
EndProject
Global
	GlobalSection(SolutionConfigurationPlatforms) = preSolution
		Debug|Any CPU = Debug|Any CPU
		Release|Any CPU = Release|Any CPU
	EndGlobalSection
	GlobalSection(ProjectConfigurationPlatforms) = postSolution
		{95210BE7-8E7F-4B1A-810F-A9C30C73FE76}.Debug|Any CPU.ActiveCfg = Debug|Any CPU
		{95210BE7-8E7F-4B1A-810F-A9C30C73FE76}.Debug|Any CPU.Build.0 = Debug|Any CPU
		{95210BE7-8E7F-4B1A-810F-A9C30C73FE76}.Release|Any CPU.ActiveCfg = Release|Any CPU
		{95210BE7-8E7F-4B1A-810F-A9C30C73FE76}.Release|Any CPU.Build.0 = Release|Any CPU
	EndGlobalSection
	GlobalSection(SolutionProperties) = preSolution
		HideSolutionNode = FALSE
	EndGlobalSection
	GlobalSection(ExtensibilityGlobals) = postSolution
		SolutionGuid = {7326F99F-5F34-439E-B73D-64406D9A5FA4}
	EndGlobalSection
EndGlobal
